// !$*UTF8*$!
{
	archiveVersion = 1;
	classes = {
	};
	objectVersion = 55;
	objects = {

/* Begin PBXBuildFile section */
		9F28DEFB2800A80700362E61 /* Octree.swift in Sources */ = {isa = PBXBuildFile; fileRef = 9F28DEFA2800A80700362E61 /* Octree.swift */; };
		9F28DEFD2800A85600362E61 /* Brick.swift in Sources */ = {isa = PBXBuildFile; fileRef = 9F28DEFC2800A85600362E61 /* Brick.swift */; };
		9F28DEFF2800A86E00362E61 /* MacroCell.swift in Sources */ = {isa = PBXBuildFile; fileRef = 9F28DEFE2800A86E00362E61 /* MacroCell.swift */; };
		9F34817C2809059E0014D3FE /* FPS.swift in Sources */ = {isa = PBXBuildFile; fileRef = 9F34817A2809059E0014D3FE /* FPS.swift */; };
		9F6E73252810CA7300EF9469 /* IsoFeatures.swift in Sources */ = {isa = PBXBuildFile; fileRef = 9F6E73242810CA7300EF9469 /* IsoFeatures.swift */; };
		9F6E732C2810CB8E00EF9469 /* PythonKit in Frameworks */ = {isa = PBXBuildFile; productRef = 9F6E732B2810CB8E00EF9469 /* PythonKit */; };
		9F814A2C280519A800AA35FD /* RawView.xib in Resources */ = {isa = PBXBuildFile; fileRef = 9F814A2B280519A800AA35FD /* RawView.xib */; };
		9F814A2E28051BD600AA35FD /* RawView.swift in Sources */ = {isa = PBXBuildFile; fileRef = 9F814A2D28051BD600AA35FD /* RawView.swift */; };
		9F93D2DA27FA44D600654019 /* AppDelegate.swift in Sources */ = {isa = PBXBuildFile; fileRef = 9F93D2D927FA44D600654019 /* AppDelegate.swift */; };
		9F93D2DC27FA44D600654019 /* GameViewController.swift in Sources */ = {isa = PBXBuildFile; fileRef = 9F93D2DB27FA44D600654019 /* GameViewController.swift */; };
		9F93D2DE27FA44D600654019 /* Renderer.swift in Sources */ = {isa = PBXBuildFile; fileRef = 9F93D2DD27FA44D600654019 /* Renderer.swift */; };
		9F93D2E027FA44D600654019 /* Shaders.metal in Sources */ = {isa = PBXBuildFile; fileRef = 9F93D2DF27FA44D600654019 /* Shaders.metal */; };
		9F93D2E327FA44D700654019 /* Assets.xcassets in Resources */ = {isa = PBXBuildFile; fileRef = 9F93D2E227FA44D700654019 /* Assets.xcassets */; };
		9F93D2E627FA44D700654019 /* Main.storyboard in Resources */ = {isa = PBXBuildFile; fileRef = 9F93D2E427FA44D700654019 /* Main.storyboard */; };
		9FCBBCC52810D02B00B1864E /* IsoFeatures.py in Resources */ = {isa = PBXBuildFile; fileRef = 9FCBBCC42810D02B00B1864E /* IsoFeatures.py */; };
/* End PBXBuildFile section */

/* Begin PBXFileReference section */
		9F28DEFA2800A80700362E61 /* Octree.swift */ = {isa = PBXFileReference; lastKnownFileType = sourcecode.swift; path = Octree.swift; sourceTree = "<group>"; };
		9F28DEFC2800A85600362E61 /* Brick.swift */ = {isa = PBXFileReference; lastKnownFileType = sourcecode.swift; path = Brick.swift; sourceTree = "<group>"; };
		9F28DEFE2800A86E00362E61 /* MacroCell.swift */ = {isa = PBXFileReference; lastKnownFileType = sourcecode.swift; path = MacroCell.swift; sourceTree = "<group>"; };
		9F34817A2809059E0014D3FE /* FPS.swift */ = {isa = PBXFileReference; lastKnownFileType = sourcecode.swift; path = FPS.swift; sourceTree = "<group>"; };
		9F6E73242810CA7300EF9469 /* IsoFeatures.swift */ = {isa = PBXFileReference; lastKnownFileType = sourcecode.swift; path = IsoFeatures.swift; sourceTree = "<group>"; };
		9F814A2B280519A800AA35FD /* RawView.xib */ = {isa = PBXFileReference; lastKnownFileType = file.xib; path = RawView.xib; sourceTree = "<group>"; };
		9F814A2D28051BD600AA35FD /* RawView.swift */ = {isa = PBXFileReference; lastKnownFileType = sourcecode.swift; path = RawView.swift; sourceTree = "<group>"; };
		9F93D2D627FA44D600654019 /* Final_Project.app */ = {isa = PBXFileReference; explicitFileType = wrapper.application; includeInIndex = 0; path = Final_Project.app; sourceTree = BUILT_PRODUCTS_DIR; };
		9F93D2D927FA44D600654019 /* AppDelegate.swift */ = {isa = PBXFileReference; lastKnownFileType = sourcecode.swift; path = AppDelegate.swift; sourceTree = "<group>"; };
		9F93D2DB27FA44D600654019 /* GameViewController.swift */ = {isa = PBXFileReference; lastKnownFileType = sourcecode.swift; path = GameViewController.swift; sourceTree = "<group>"; };
		9F93D2DD27FA44D600654019 /* Renderer.swift */ = {isa = PBXFileReference; lastKnownFileType = sourcecode.swift; path = Renderer.swift; sourceTree = "<group>"; };
		9F93D2DF27FA44D600654019 /* Shaders.metal */ = {isa = PBXFileReference; lastKnownFileType = sourcecode.metal; path = Shaders.metal; sourceTree = "<group>"; };
		9F93D2E127FA44D600654019 /* ShaderTypes.h */ = {isa = PBXFileReference; lastKnownFileType = sourcecode.c.h; path = ShaderTypes.h; sourceTree = "<group>"; };
		9F93D2E227FA44D700654019 /* Assets.xcassets */ = {isa = PBXFileReference; lastKnownFileType = folder.assetcatalog; path = Assets.xcassets; sourceTree = "<group>"; };
		9F93D2E527FA44D700654019 /* Base */ = {isa = PBXFileReference; lastKnownFileType = file.storyboard; name = Base; path = Base.lproj/Main.storyboard; sourceTree = "<group>"; };
		9F93D2E727FA44D700654019 /* Final_Project.entitlements */ = {isa = PBXFileReference; lastKnownFileType = text.plist.entitlements; path = Final_Project.entitlements; sourceTree = "<group>"; };
		9FCBBCC42810D02B00B1864E /* IsoFeatures.py */ = {isa = PBXFileReference; fileEncoding = 4; lastKnownFileType = text.script.python; path = IsoFeatures.py; sourceTree = "<group>"; };
/* End PBXFileReference section */

/* Begin PBXFrameworksBuildPhase section */
		9F93D2D327FA44D600654019 /* Frameworks */ = {
			isa = PBXFrameworksBuildPhase;
			buildActionMask = 2147483647;
			files = (
				9F6E732C2810CB8E00EF9469 /* PythonKit in Frameworks */,
			);
			runOnlyForDeploymentPostprocessing = 0;
		};
/* End PBXFrameworksBuildPhase section */

/* Begin PBXGroup section */
		9F93D2CD27FA44D600654019 = {
			isa = PBXGroup;
			children = (
				9F93D2D827FA44D600654019 /* Final Project */,
				9F93D2D727FA44D600654019 /* Products */,
				9F93D2ED27FA458500654019 /* Frameworks */,
			);
			sourceTree = "<group>";
		};
		9F93D2D727FA44D600654019 /* Products */ = {
			isa = PBXGroup;
			children = (
				9F93D2D627FA44D600654019 /* Final_Project.app */,
			);
			name = Products;
			sourceTree = "<group>";
		};
		9F93D2D827FA44D600654019 /* Final Project */ = {
			isa = PBXGroup;
			children = (
				9F93D2D927FA44D600654019 /* AppDelegate.swift */,
				9F93D2DB27FA44D600654019 /* GameViewController.swift */,
				9F93D2DD27FA44D600654019 /* Renderer.swift */,
				9F28DEFA2800A80700362E61 /* Octree.swift */,
				9F28DEFC2800A85600362E61 /* Brick.swift */,
				9F28DEFE2800A86E00362E61 /* MacroCell.swift */,
				9F93D2DF27FA44D600654019 /* Shaders.metal */,
				9F93D2E127FA44D600654019 /* ShaderTypes.h */,
				9F93D2E227FA44D700654019 /* Assets.xcassets */,
				9F93D2E427FA44D700654019 /* Main.storyboard */,
				9F93D2E727FA44D700654019 /* Final_Project.entitlements */,
				9F814A2B280519A800AA35FD /* RawView.xib */,
				9F814A2D28051BD600AA35FD /* RawView.swift */,
				9F34817A2809059E0014D3FE /* FPS.swift */,
				9F6E73242810CA7300EF9469 /* IsoFeatures.swift */,
				9FCBBCC42810D02B00B1864E /* IsoFeatures.py */,
			);
			path = "Final Project";
			sourceTree = "<group>";
		};
		9F93D2ED27FA458500654019 /* Frameworks */ = {
			isa = PBXGroup;
			children = (
			);
			name = Frameworks;
			sourceTree = "<group>";
		};
/* End PBXGroup section */

/* Begin PBXNativeTarget section */
		9F93D2D527FA44D600654019 /* Final Project */ = {
			isa = PBXNativeTarget;
			buildConfigurationList = 9F93D2EA27FA44D700654019 /* Build configuration list for PBXNativeTarget "Final Project" */;
			buildPhases = (
				9F93D2D227FA44D600654019 /* Sources */,
				9F93D2D327FA44D600654019 /* Frameworks */,
				9F93D2D427FA44D600654019 /* Resources */,
			);
			buildRules = (
			);
			dependencies = (
			);
			name = "Final Project";
			packageProductDependencies = (
				9F6E732B2810CB8E00EF9469 /* PythonKit */,
			);
			productName = "Final Project";
			productReference = 9F93D2D627FA44D600654019 /* Final_Project.app */;
			productType = "com.apple.product-type.application";
		};
/* End PBXNativeTarget section */

/* Begin PBXProject section */
		9F93D2CE27FA44D600654019 /* Project object */ = {
			isa = PBXProject;
			attributes = {
				BuildIndependentTargetsInParallel = 1;
				LastSwiftUpdateCheck = 1330;
				LastUpgradeCheck = 1330;
				TargetAttributes = {
					9F93D2D527FA44D600654019 = {
						CreatedOnToolsVersion = 13.3;
					};
				};
			};
			buildConfigurationList = 9F93D2D127FA44D600654019 /* Build configuration list for PBXProject "Final Project" */;
			compatibilityVersion = "Xcode 13.0";
			developmentRegion = en;
			hasScannedForEncodings = 0;
			knownRegions = (
				en,
				Base,
			);
			mainGroup = 9F93D2CD27FA44D600654019;
			packageReferences = (
				9F6E732A2810CB8E00EF9469 /* XCRemoteSwiftPackageReference "PythonKit" */,
			);
			productRefGroup = 9F93D2D727FA44D600654019 /* Products */;
			projectDirPath = "";
			projectRoot = "";
			targets = (
				9F93D2D527FA44D600654019 /* Final Project */,
			);
		};
/* End PBXProject section */

/* Begin PBXResourcesBuildPhase section */
		9F93D2D427FA44D600654019 /* Resources */ = {
			isa = PBXResourcesBuildPhase;
			buildActionMask = 2147483647;
			files = (
				9F93D2E327FA44D700654019 /* Assets.xcassets in Resources */,
				9F814A2C280519A800AA35FD /* RawView.xib in Resources */,
				9F93D2E627FA44D700654019 /* Main.storyboard in Resources */,
				9FCBBCC52810D02B00B1864E /* IsoFeatures.py in Resources */,
			);
			runOnlyForDeploymentPostprocessing = 0;
		};
/* End PBXResourcesBuildPhase section */

/* Begin PBXSourcesBuildPhase section */
		9F93D2D227FA44D600654019 /* Sources */ = {
			isa = PBXSourcesBuildPhase;
			buildActionMask = 2147483647;
			files = (
				9F6E73252810CA7300EF9469 /* IsoFeatures.swift in Sources */,
				9F34817C2809059E0014D3FE /* FPS.swift in Sources */,
				9F93D2E027FA44D600654019 /* Shaders.metal in Sources */,
				9F93D2DC27FA44D600654019 /* GameViewController.swift in Sources */,
				9F28DEFB2800A80700362E61 /* Octree.swift in Sources */,
				9F93D2DE27FA44D600654019 /* Renderer.swift in Sources */,
				9F93D2DA27FA44D600654019 /* AppDelegate.swift in Sources */,
				9F814A2E28051BD600AA35FD /* RawView.swift in Sources */,
				9F28DEFD2800A85600362E61 /* Brick.swift in Sources */,
				9F28DEFF2800A86E00362E61 /* MacroCell.swift in Sources */,
			);
			runOnlyForDeploymentPostprocessing = 0;
		};
/* End PBXSourcesBuildPhase section */

/* Begin PBXVariantGroup section */
		9F93D2E427FA44D700654019 /* Main.storyboard */ = {
			isa = PBXVariantGroup;
			children = (
				9F93D2E527FA44D700654019 /* Base */,
			);
			name = Main.storyboard;
			sourceTree = "<group>";
		};
/* End PBXVariantGroup section */

/* Begin XCBuildConfiguration section */
		9F93D2E827FA44D700654019 /* Debug */ = {
			isa = XCBuildConfiguration;
			buildSettings = {
				ALWAYS_SEARCH_USER_PATHS = NO;
				CLANG_ANALYZER_NONNULL = YES;
				CLANG_ANALYZER_NUMBER_OBJECT_CONVERSION = YES_AGGRESSIVE;
				CLANG_CXX_LANGUAGE_STANDARD = "gnu++17";
				CLANG_ENABLE_MODULES = YES;
				CLANG_ENABLE_OBJC_ARC = YES;
				CLANG_ENABLE_OBJC_WEAK = YES;
				CLANG_WARN_BLOCK_CAPTURE_AUTORELEASING = YES;
				CLANG_WARN_BOOL_CONVERSION = YES;
				CLANG_WARN_COMMA = YES;
				CLANG_WARN_CONSTANT_CONVERSION = YES;
				CLANG_WARN_DEPRECATED_OBJC_IMPLEMENTATIONS = YES;
				CLANG_WARN_DIRECT_OBJC_ISA_USAGE = YES_ERROR;
				CLANG_WARN_DOCUMENTATION_COMMENTS = YES;
				CLANG_WARN_EMPTY_BODY = YES;
				CLANG_WARN_ENUM_CONVERSION = YES;
				CLANG_WARN_INFINITE_RECURSION = YES;
				CLANG_WARN_INT_CONVERSION = YES;
				CLANG_WARN_NON_LITERAL_NULL_CONVERSION = YES;
				CLANG_WARN_OBJC_IMPLICIT_RETAIN_SELF = YES;
				CLANG_WARN_OBJC_LITERAL_CONVERSION = YES;
				CLANG_WARN_OBJC_ROOT_CLASS = YES_ERROR;
				CLANG_WARN_QUOTED_INCLUDE_IN_FRAMEWORK_HEADER = YES;
				CLANG_WARN_RANGE_LOOP_ANALYSIS = YES;
				CLANG_WARN_STRICT_PROTOTYPES = YES;
				CLANG_WARN_SUSPICIOUS_MOVE = YES;
				CLANG_WARN_UNGUARDED_AVAILABILITY = YES_AGGRESSIVE;
				CLANG_WARN_UNREACHABLE_CODE = YES;
				CLANG_WARN__DUPLICATE_METHOD_MATCH = YES;
				COPY_PHASE_STRIP = NO;
				DEBUG_INFORMATION_FORMAT = dwarf;
				ENABLE_STRICT_OBJC_MSGSEND = YES;
				ENABLE_TESTABILITY = YES;
				GCC_C_LANGUAGE_STANDARD = gnu11;
				GCC_DYNAMIC_NO_PIC = NO;
				GCC_NO_COMMON_BLOCKS = YES;
				GCC_OPTIMIZATION_LEVEL = 0;
				GCC_PREPROCESSOR_DEFINITIONS = (
					"DEBUG=1",
					"$(inherited)",
				);
				GCC_WARN_64_TO_32_BIT_CONVERSION = YES;
				GCC_WARN_ABOUT_RETURN_TYPE = YES_ERROR;
				GCC_WARN_UNDECLARED_SELECTOR = YES;
				GCC_WARN_UNINITIALIZED_AUTOS = YES_AGGRESSIVE;
				GCC_WARN_UNUSED_FUNCTION = YES;
				GCC_WARN_UNUSED_VARIABLE = YES;
				MACOSX_DEPLOYMENT_TARGET = 12.3;
				MTL_ENABLE_DEBUG_INFO = INCLUDE_SOURCE;
				MTL_FAST_MATH = YES;
				ONLY_ACTIVE_ARCH = YES;
				SDKROOT = macosx;
				SWIFT_ACTIVE_COMPILATION_CONDITIONS = DEBUG;
				SWIFT_OPTIMIZATION_LEVEL = "-Onone";
			};
			name = Debug;
		};
		9F93D2E927FA44D700654019 /* Release */ = {
			isa = XCBuildConfiguration;
			buildSettings = {
				ALWAYS_SEARCH_USER_PATHS = NO;
				CLANG_ANALYZER_NONNULL = YES;
				CLANG_ANALYZER_NUMBER_OBJECT_CONVERSION = YES_AGGRESSIVE;
				CLANG_CXX_LANGUAGE_STANDARD = "gnu++17";
				CLANG_ENABLE_MODULES = YES;
				CLANG_ENABLE_OBJC_ARC = YES;
				CLANG_ENABLE_OBJC_WEAK = YES;
				CLANG_WARN_BLOCK_CAPTURE_AUTORELEASING = YES;
				CLANG_WARN_BOOL_CONVERSION = YES;
				CLANG_WARN_COMMA = YES;
				CLANG_WARN_CONSTANT_CONVERSION = YES;
				CLANG_WARN_DEPRECATED_OBJC_IMPLEMENTATIONS = YES;
				CLANG_WARN_DIRECT_OBJC_ISA_USAGE = YES_ERROR;
				CLANG_WARN_DOCUMENTATION_COMMENTS = YES;
				CLANG_WARN_EMPTY_BODY = YES;
				CLANG_WARN_ENUM_CONVERSION = YES;
				CLANG_WARN_INFINITE_RECURSION = YES;
				CLANG_WARN_INT_CONVERSION = YES;
				CLANG_WARN_NON_LITERAL_NULL_CONVERSION = YES;
				CLANG_WARN_OBJC_IMPLICIT_RETAIN_SELF = YES;
				CLANG_WARN_OBJC_LITERAL_CONVERSION = YES;
				CLANG_WARN_OBJC_ROOT_CLASS = YES_ERROR;
				CLANG_WARN_QUOTED_INCLUDE_IN_FRAMEWORK_HEADER = YES;
				CLANG_WARN_RANGE_LOOP_ANALYSIS = YES;
				CLANG_WARN_STRICT_PROTOTYPES = YES;
				CLANG_WARN_SUSPICIOUS_MOVE = YES;
				CLANG_WARN_UNGUARDED_AVAILABILITY = YES_AGGRESSIVE;
				CLANG_WARN_UNREACHABLE_CODE = YES;
				CLANG_WARN__DUPLICATE_METHOD_MATCH = YES;
				COPY_PHASE_STRIP = NO;
				DEBUG_INFORMATION_FORMAT = "dwarf-with-dsym";
				ENABLE_NS_ASSERTIONS = NO;
				ENABLE_STRICT_OBJC_MSGSEND = YES;
				GCC_C_LANGUAGE_STANDARD = gnu11;
				GCC_NO_COMMON_BLOCKS = YES;
				GCC_WARN_64_TO_32_BIT_CONVERSION = YES;
				GCC_WARN_ABOUT_RETURN_TYPE = YES_ERROR;
				GCC_WARN_UNDECLARED_SELECTOR = YES;
				GCC_WARN_UNINITIALIZED_AUTOS = YES_AGGRESSIVE;
				GCC_WARN_UNUSED_FUNCTION = YES;
				GCC_WARN_UNUSED_VARIABLE = YES;
				MACOSX_DEPLOYMENT_TARGET = 12.3;
				MTL_ENABLE_DEBUG_INFO = NO;
				MTL_FAST_MATH = YES;
				SDKROOT = macosx;
				SWIFT_COMPILATION_MODE = wholemodule;
				SWIFT_OPTIMIZATION_LEVEL = "-O";
			};
			name = Release;
		};
		9F93D2EB27FA44D700654019 /* Debug */ = {
			isa = XCBuildConfiguration;
			buildSettings = {
				ASSETCATALOG_COMPILER_APPICON_NAME = AppIcon;
				ASSETCATALOG_COMPILER_GLOBAL_ACCENT_COLOR_NAME = AccentColor;
				CODE_SIGN_ENTITLEMENTS = "Final Project/Final_Project.entitlements";
				CODE_SIGN_STYLE = Automatic;
				COMBINE_HIDPI_IMAGES = YES;
				CURRENT_PROJECT_VERSION = 1;
				DEVELOPMENT_TEAM = 9ZL7NZEYNN;
				ENABLE_HARDENED_RUNTIME = YES;
				GENERATE_INFOPLIST_FILE = YES;
				INFOPLIST_KEY_NSHumanReadableCopyright = "";
				INFOPLIST_KEY_NSMainStoryboardFile = Main;
				INFOPLIST_KEY_NSPrincipalClass = NSApplication;
				LD_RUNPATH_SEARCH_PATHS = (
					"$(inherited)",
					"@executable_path/../Frameworks",
				);
				MARKETING_VERSION = 1.0;
				PRODUCT_BUNDLE_IDENTIFIER = "edu.utah.CS6610.CS6635.Final-Project";
				PRODUCT_NAME = Final_Project;
				SWIFT_EMIT_LOC_STRINGS = YES;
				SWIFT_OBJC_BRIDGING_HEADER = "$(TARGET_NAME)/ShaderTypes.h";
				SWIFT_VERSION = 5.0;
			};
			name = Debug;
		};
		9F93D2EC27FA44D700654019 /* Release */ = {
			isa = XCBuildConfiguration;
			buildSettings = {
				ASSETCATALOG_COMPILER_APPICON_NAME = AppIcon;
				ASSETCATALOG_COMPILER_GLOBAL_ACCENT_COLOR_NAME = AccentColor;
				CODE_SIGN_ENTITLEMENTS = "Final Project/Final_Project.entitlements";
				CODE_SIGN_STYLE = Automatic;
				COMBINE_HIDPI_IMAGES = YES;
				CURRENT_PROJECT_VERSION = 1;
				DEVELOPMENT_TEAM = 9ZL7NZEYNN;
				ENABLE_HARDENED_RUNTIME = YES;
				GENERATE_INFOPLIST_FILE = YES;
				INFOPLIST_KEY_NSHumanReadableCopyright = "";
				INFOPLIST_KEY_NSMainStoryboardFile = Main;
				INFOPLIST_KEY_NSPrincipalClass = NSApplication;
				LD_RUNPATH_SEARCH_PATHS = (
					"$(inherited)",
					"@executable_path/../Frameworks",
				);
				MARKETING_VERSION = 1.0;
				PRODUCT_BUNDLE_IDENTIFIER = "edu.utah.CS6610.CS6635.Final-Project";
				PRODUCT_NAME = Final_Project;
				SWIFT_EMIT_LOC_STRINGS = YES;
				SWIFT_OBJC_BRIDGING_HEADER = "$(TARGET_NAME)/ShaderTypes.h";
				SWIFT_VERSION = 5.0;
			};
			name = Release;
		};
/* End XCBuildConfiguration section */

/* Begin XCConfigurationList section */
		9F93D2D127FA44D600654019 /* Build configuration list for PBXProject "Final Project" */ = {
			isa = XCConfigurationList;
			buildConfigurations = (
				9F93D2E827FA44D700654019 /* Debug */,
				9F93D2E927FA44D700654019 /* Release */,
			);
			defaultConfigurationIsVisible = 0;
			defaultConfigurationName = Release;
		};
		9F93D2EA27FA44D700654019 /* Build configuration list for PBXNativeTarget "Final Project" */ = {
			isa = XCConfigurationList;
			buildConfigurations = (
				9F93D2EB27FA44D700654019 /* Debug */,
				9F93D2EC27FA44D700654019 /* Release */,
			);
			defaultConfigurationIsVisible = 0;
			defaultConfigurationName = Release;
		};
/* End XCConfigurationList section */

/* Begin XCRemoteSwiftPackageReference section */
		9F6E732A2810CB8E00EF9469 /* XCRemoteSwiftPackageReference "PythonKit" */ = {
			isa = XCRemoteSwiftPackageReference;
			repositoryURL = "https://github.com/pvieito/PythonKit.git";
			requirement = {
				branch = master;
				kind = branch;
			};
		};
/* End XCRemoteSwiftPackageReference section */

/* Begin XCSwiftPackageProductDependency section */
		9F6E732B2810CB8E00EF9469 /* PythonKit */ = {
			isa = XCSwiftPackageProductDependency;
			package = 9F6E732A2810CB8E00EF9469 /* XCRemoteSwiftPackageReference "PythonKit" */;
			productName = PythonKit;
		};
/* End XCSwiftPackageProductDependency section */
	};
	rootObject = 9F93D2CE27FA44D600654019 /* Project object */;
}
